
Microsoft Visual Studio Solution File, Format Version 12.00
# Visual Studio Version 17
VisualStudioVersion = 17.2.32519.379
MinimumVisualStudioVersion = 10.0.40219.1
Project("{FAE04EC0-301F-11D3-BF4B-00C04F79EFBC}") = "Counter", "Counter.csproj", "{404E89C4-5E1B-49A6-B756-30321C805AB1}"
EndProject
Project("{FAE04EC0-301F-11D3-BF4B-00C04F79EFBC}") = "Counter.Tests", "..\Counter.Tests\Counter.Tests.csproj", "{1E90E5F4-1924-408C-A18B-764D3EA5802A}"
EndProject
Global
	GlobalSection(SolutionConfigurationPlatforms) = preSolution
		Debug|Any CPU = Debug|Any CPU
		Release|Any CPU = Release|Any CPU
	EndGlobalSection
	GlobalSection(ProjectConfigurationPlatforms) = postSolution
		{404E89C4-5E1B-49A6-B756-30321C805AB1}.Debug|Any CPU.ActiveCfg = Debug|Any CPU
		{404E89C4-5E1B-49A6-B756-30321C805AB1}.Debug|Any CPU.Build.0 = Debug|Any CPU
		{404E89C4-5E1B-49A6-B756-30321C805AB1}.Release|Any CPU.ActiveCfg = Release|Any CPU
		{404E89C4-5E1B-49A6-B756-30321C805AB1}.Release|Any CPU.Build.0 = Release|Any CPU
		{1E90E5F4-1924-408C-A18B-764D3EA5802A}.Debug|Any CPU.ActiveCfg = Debug|Any CPU
		{1E90E5F4-1924-408C-A18B-764D3EA5802A}.Debug|Any CPU.Build.0 = Debug|Any CPU
		{1E90E5F4-1924-408C-A18B-764D3EA5802A}.Release|Any CPU.ActiveCfg = Release|Any CPU
		{1E90E5F4-1924-408C-A18B-764D3EA5802A}.Release|Any CPU.Build.0 = Release|Any CPU
	EndGlobalSection
	GlobalSection(SolutionProperties) = preSolution
		HideSolutionNode = FALSE
	EndGlobalSection
	GlobalSection(ExtensibilityGlobals) = postSolution
		SolutionGuid = {00E5405A-BFD5-4D7E-A885-A94632DEA3E4}
	EndGlobalSection
EndGlobal
